
Microsoft Visual Studio Solution File, Format Version 12.00
# Visual Studio Version 17
VisualStudioVersion = 17.7.34009.444
MinimumVisualStudioVersion = 10.0.40219.1
Project("{8BC9CEB8-8B4A-11D0-8D11-00A0C91BC942}") = "DoubleHello", "WS_Intro_Parallelism_Thread\WS_Intro_Parallelism_Thread.vcxproj", "{0F019831-4A8B-4D99-B61B-2EE3CCED20C8}"
EndProject
Project("{8BC9CEB8-8B4A-11D0-8D11-00A0C91BC942}") = "MatrixProduct", "MatrixProduct\MatrixProduct.vcxproj", "{FEDDB34F-5CD0-44EB-BECB-215A09CC7CCA}"
EndProject
Project("{8BC9CEB8-8B4A-11D0-8D11-00A0C91BC942}") = "SumTable", "SumTable\SumTable.vcxproj", "{16908BFD-3BF1-416F-830F-93BB777F2FA9}"
EndProject
Project("{8BC9CEB8-8B4A-11D0-8D11-00A0C91BC942}") = "OrderingMutex", "OrderingMutex\OrderingMutex.vcxproj", "{E2644E51-B11E-488F-9ADF-A821EF95F7F3}"
EndProject
Project("{8BC9CEB8-8B4A-11D0-8D11-00A0C91BC942}") = "Restaurant", "Restaurant\Restaurant.vcxproj", "{6D8FB784-0821-46DE-93B3-5D006D5FF9A0}"
EndProject
Global
	GlobalSection(SolutionConfigurationPlatforms) = preSolution
		Debug|x64 = Debug|x64
		Debug|x86 = Debug|x86
		Release|x64 = Release|x64
		Release|x86 = Release|x86
	EndGlobalSection
	GlobalSection(ProjectConfigurationPlatforms) = postSolution
		{0F019831-4A8B-4D99-B61B-2EE3CCED20C8}.Debug|x64.ActiveCfg = Debug|x64
		{0F019831-4A8B-4D99-B61B-2EE3CCED20C8}.Debug|x64.Build.0 = Debug|x64
		{0F019831-4A8B-4D99-B61B-2EE3CCED20C8}.Debug|x86.ActiveCfg = Debug|Win32
		{0F019831-4A8B-4D99-B61B-2EE3CCED20C8}.Debug|x86.Build.0 = Debug|Win32
		{0F019831-4A8B-4D99-B61B-2EE3CCED20C8}.Release|x64.ActiveCfg = Release|x64
		{0F019831-4A8B-4D99-B61B-2EE3CCED20C8}.Release|x64.Build.0 = Release|x64
		{0F019831-4A8B-4D99-B61B-2EE3CCED20C8}.Release|x86.ActiveCfg = Release|Win32
		{0F019831-4A8B-4D99-B61B-2EE3CCED20C8}.Release|x86.Build.0 = Release|Win32
		{FEDDB34F-5CD0-44EB-BECB-215A09CC7CCA}.Debug|x64.ActiveCfg = Debug|x64
		{FEDDB34F-5CD0-44EB-BECB-215A09CC7CCA}.Debug|x64.Build.0 = Debug|x64
		{FEDDB34F-5CD0-44EB-BECB-215A09CC7CCA}.Debug|x86.ActiveCfg = Debug|Win32
		{FEDDB34F-5CD0-44EB-BECB-215A09CC7CCA}.Debug|x86.Build.0 = Debug|Win32
		{FEDDB34F-5CD0-44EB-BECB-215A09CC7CCA}.Release|x64.ActiveCfg = Release|x64
		{FEDDB34F-5CD0-44EB-BECB-215A09CC7CCA}.Release|x64.Build.0 = Release|x64
		{FEDDB34F-5CD0-44EB-BECB-215A09CC7CCA}.Release|x86.ActiveCfg = Release|Win32
		{FEDDB34F-5CD0-44EB-BECB-215A09CC7CCA}.Release|x86.Build.0 = Release|Win32
		{16908BFD-3BF1-416F-830F-93BB777F2FA9}.Debug|x64.ActiveCfg = Debug|x64
		{16908BFD-3BF1-416F-830F-93BB777F2FA9}.Debug|x64.Build.0 = Debug|x64
		{16908BFD-3BF1-416F-830F-93BB777F2FA9}.Debug|x86.ActiveCfg = Debug|Win32
		{16908BFD-3BF1-416F-830F-93BB777F2FA9}.Debug|x86.Build.0 = Debug|Win32
		{16908BFD-3BF1-416F-830F-93BB777F2FA9}.Release|x64.ActiveCfg = Release|x64
		{16908BFD-3BF1-416F-830F-93BB777F2FA9}.Release|x64.Build.0 = Release|x64
		{16908BFD-3BF1-416F-830F-93BB777F2FA9}.Release|x86.ActiveCfg = Release|Win32
		{16908BFD-3BF1-416F-830F-93BB777F2FA9}.Release|x86.Build.0 = Release|Win32
		{E2644E51-B11E-488F-9ADF-A821EF95F7F3}.Debug|x64.ActiveCfg = Debug|x64
		{E2644E51-B11E-488F-9ADF-A821EF95F7F3}.Debug|x64.Build.0 = Debug|x64
		{E2644E51-B11E-488F-9ADF-A821EF95F7F3}.Debug|x86.ActiveCfg = Debug|Win32
		{E2644E51-B11E-488F-9ADF-A821EF95F7F3}.Debug|x86.Build.0 = Debug|Win32
		{E2644E51-B11E-488F-9ADF-A821EF95F7F3}.Release|x64.ActiveCfg = Release|x64
		{E2644E51-B11E-488F-9ADF-A821EF95F7F3}.Release|x64.Build.0 = Release|x64
		{E2644E51-B11E-488F-9ADF-A821EF95F7F3}.Release|x86.ActiveCfg = Release|Win32
		{E2644E51-B11E-488F-9ADF-A821EF95F7F3}.Release|x86.Build.0 = Release|Win32
		{6D8FB784-0821-46DE-93B3-5D006D5FF9A0}.Debug|x64.ActiveCfg = Debug|x64
		{6D8FB784-0821-46DE-93B3-5D006D5FF9A0}.Debug|x64.Build.0 = Debug|x64
		{6D8FB784-0821-46DE-93B3-5D006D5FF9A0}.Debug|x86.ActiveCfg = Debug|Win32
		{6D8FB784-0821-46DE-93B3-5D006D5FF9A0}.Debug|x86.Build.0 = Debug|Win32
		{6D8FB784-0821-46DE-93B3-5D006D5FF9A0}.Release|x64.ActiveCfg = Release|x64
		{6D8FB784-0821-46DE-93B3-5D006D5FF9A0}.Release|x64.Build.0 = Release|x64
		{6D8FB784-0821-46DE-93B3-5D006D5FF9A0}.Release|x86.ActiveCfg = Release|Win32
		{6D8FB784-0821-46DE-93B3-5D006D5FF9A0}.Release|x86.Build.0 = Release|Win32
	EndGlobalSection
	GlobalSection(SolutionProperties) = preSolution
		HideSolutionNode = FALSE
	EndGlobalSection
	GlobalSection(ExtensibilityGlobals) = postSolution
		SolutionGuid = {37AB1154-39D9-42D3-B800-545D586986FD}
	EndGlobalSection
EndGlobal
